
Microsoft Visual Studio Solution File, Format Version 12.00
# Visual Studio Version 17
VisualStudioVersion = 17.4.33122.133
MinimumVisualStudioVersion = 10.0.40219.1
Project("{2150E333-8FDC-42A3-9474-1A3956D46DE8}") = "Services", "Services", "{B5548CE7-5B53-44A9-8042-AA6917F07274}"
EndProject
Project("{2150E333-8FDC-42A3-9474-1A3956D46DE8}") = "Catalog", "Catalog", "{AA3AFFB1-1374-4AAE-8315-B002E38AB6AD}"
EndProject
Project("{9A19103F-16F7-4668-BE54-9A1E7A4F7556}") = "Catalog.API", "Services\Catalog\Catalog.API\Catalog.API.csproj", "{4D2832AB-F8C5-4A71-9ECC-53A09E806A36}"
EndProject
Project("{E53339B2-1760-4266-BCC7-CA923CBCF16C}") = "docker-compose", "docker-compose.dcproj", "{D0FA9990-741A-4911-B456-1E1526C161EB}"
EndProject
Project("{2150E333-8FDC-42A3-9474-1A3956D46DE8}") = "Basket", "Basket", "{CCD0AF1C-3663-42D4-9CFB-BE9B12F4FBB5}"
EndProject
Project("{9A19103F-16F7-4668-BE54-9A1E7A4F7556}") = "Basket.API", "Services\Basket\Basket.API\Basket.API.csproj", "{706C4AEA-768E-4B64-ADBD-8E432FBCFEF8}"
EndProject
Project("{2150E333-8FDC-42A3-9474-1A3956D46DE8}") = "Discount", "Discount", "{083F06A8-CB82-4528-8335-AE46FADD6F80}"
EndProject
Project("{9A19103F-16F7-4668-BE54-9A1E7A4F7556}") = "Discount.API", "Services\Discount\Discount.API\Discount.API.csproj", "{BAC229B3-85BF-4D7E-B351-7FE7F1BE4F65}"
EndProject
Project("{9A19103F-16F7-4668-BE54-9A1E7A4F7556}") = "Discount.Grpc", "Services\Discount\Discount.Grpc\Discount.Grpc.csproj", "{3CA8F5AC-D0BF-481B-9617-45F605CC2052}"
EndProject
Project("{2150E333-8FDC-42A3-9474-1A3956D46DE8}") = "Ordering", "Ordering", "{95D2B0EA-0B25-4E11-9319-0477F55A2ED6}"
EndProject
Project("{9A19103F-16F7-4668-BE54-9A1E7A4F7556}") = "Ordering.API", "Services\Ordering\Ordering.API\Ordering.API.csproj", "{4351F4FA-6415-4CED-8C3C-C26C6EC1EAA2}"
EndProject
Project("{9A19103F-16F7-4668-BE54-9A1E7A4F7556}") = "Ordering.Domain", "Services\Ordering\Ordering.Domain\Ordering.Domain.csproj", "{95A575AA-A771-4039-AF1E-E22AA471A00A}"
EndProject
Project("{9A19103F-16F7-4668-BE54-9A1E7A4F7556}") = "Ordering.Application", "Services\Ordering\Ordering.Application\Ordering.Application.csproj", "{56BC9CC4-7D3A-46E7-9F89-677DE9F17CF7}"
EndProject
Project("{9A19103F-16F7-4668-BE54-9A1E7A4F7556}") = "Ordering.Infrastructure", "Services\Ordering\Ordering.Infrastructure\Ordering.Infrastructure.csproj", "{45441DF5-12F2-4848-8EBB-55888290AF55}"
EndProject
Project("{2150E333-8FDC-42A3-9474-1A3956D46DE8}") = "BuildingBlocks", "BuildingBlocks", "{44C6402B-3026-4094-A681-D0EA508B3A2E}"
EndProject
Project("{FAE04EC0-301F-11D3-BF4B-00C04F79EFBC}") = "EventBus.Messages", "BuildingBlocks\EventBus.Messages\EventBus.Messages.csproj", "{4D82263E-1A79-4494-84A8-D28E0E9672BE}"
EndProject
Global
	GlobalSection(SolutionConfigurationPlatforms) = preSolution
		Debug|Any CPU = Debug|Any CPU
		Release|Any CPU = Release|Any CPU
	EndGlobalSection
	GlobalSection(ProjectConfigurationPlatforms) = postSolution
		{4D2832AB-F8C5-4A71-9ECC-53A09E806A36}.Debug|Any CPU.ActiveCfg = Debug|Any CPU
		{4D2832AB-F8C5-4A71-9ECC-53A09E806A36}.Debug|Any CPU.Build.0 = Debug|Any CPU
		{4D2832AB-F8C5-4A71-9ECC-53A09E806A36}.Release|Any CPU.ActiveCfg = Release|Any CPU
		{4D2832AB-F8C5-4A71-9ECC-53A09E806A36}.Release|Any CPU.Build.0 = Release|Any CPU
		{D0FA9990-741A-4911-B456-1E1526C161EB}.Debug|Any CPU.ActiveCfg = Debug|Any CPU
		{D0FA9990-741A-4911-B456-1E1526C161EB}.Debug|Any CPU.Build.0 = Debug|Any CPU
		{D0FA9990-741A-4911-B456-1E1526C161EB}.Release|Any CPU.ActiveCfg = Release|Any CPU
		{D0FA9990-741A-4911-B456-1E1526C161EB}.Release|Any CPU.Build.0 = Release|Any CPU
		{706C4AEA-768E-4B64-ADBD-8E432FBCFEF8}.Debug|Any CPU.ActiveCfg = Debug|Any CPU
		{706C4AEA-768E-4B64-ADBD-8E432FBCFEF8}.Debug|Any CPU.Build.0 = Debug|Any CPU
		{706C4AEA-768E-4B64-ADBD-8E432FBCFEF8}.Release|Any CPU.ActiveCfg = Release|Any CPU
		{706C4AEA-768E-4B64-ADBD-8E432FBCFEF8}.Release|Any CPU.Build.0 = Release|Any CPU
		{BAC229B3-85BF-4D7E-B351-7FE7F1BE4F65}.Debug|Any CPU.ActiveCfg = Debug|Any CPU
		{BAC229B3-85BF-4D7E-B351-7FE7F1BE4F65}.Debug|Any CPU.Build.0 = Debug|Any CPU
		{BAC229B3-85BF-4D7E-B351-7FE7F1BE4F65}.Release|Any CPU.ActiveCfg = Release|Any CPU
		{BAC229B3-85BF-4D7E-B351-7FE7F1BE4F65}.Release|Any CPU.Build.0 = Release|Any CPU
		{3CA8F5AC-D0BF-481B-9617-45F605CC2052}.Debug|Any CPU.ActiveCfg = Debug|Any CPU
		{3CA8F5AC-D0BF-481B-9617-45F605CC2052}.Debug|Any CPU.Build.0 = Debug|Any CPU
		{3CA8F5AC-D0BF-481B-9617-45F605CC2052}.Release|Any CPU.ActiveCfg = Release|Any CPU
		{3CA8F5AC-D0BF-481B-9617-45F605CC2052}.Release|Any CPU.Build.0 = Release|Any CPU
		{4351F4FA-6415-4CED-8C3C-C26C6EC1EAA2}.Debug|Any CPU.ActiveCfg = Debug|Any CPU
		{4351F4FA-6415-4CED-8C3C-C26C6EC1EAA2}.Debug|Any CPU.Build.0 = Debug|Any CPU
		{4351F4FA-6415-4CED-8C3C-C26C6EC1EAA2}.Release|Any CPU.ActiveCfg = Release|Any CPU
		{4351F4FA-6415-4CED-8C3C-C26C6EC1EAA2}.Release|Any CPU.Build.0 = Release|Any CPU
		{95A575AA-A771-4039-AF1E-E22AA471A00A}.Debug|Any CPU.ActiveCfg = Debug|Any CPU
		{95A575AA-A771-4039-AF1E-E22AA471A00A}.Debug|Any CPU.Build.0 = Debug|Any CPU
		{95A575AA-A771-4039-AF1E-E22AA471A00A}.Release|Any CPU.ActiveCfg = Release|Any CPU
		{95A575AA-A771-4039-AF1E-E22AA471A00A}.Release|Any CPU.Build.0 = Release|Any CPU
		{56BC9CC4-7D3A-46E7-9F89-677DE9F17CF7}.Debug|Any CPU.ActiveCfg = Debug|Any CPU
		{56BC9CC4-7D3A-46E7-9F89-677DE9F17CF7}.Debug|Any CPU.Build.0 = Debug|Any CPU
		{56BC9CC4-7D3A-46E7-9F89-677DE9F17CF7}.Release|Any CPU.ActiveCfg = Release|Any CPU
		{56BC9CC4-7D3A-46E7-9F89-677DE9F17CF7}.Release|Any CPU.Build.0 = Release|Any CPU
		{45441DF5-12F2-4848-8EBB-55888290AF55}.Debug|Any CPU.ActiveCfg = Debug|Any CPU
		{45441DF5-12F2-4848-8EBB-55888290AF55}.Debug|Any CPU.Build.0 = Debug|Any CPU
		{45441DF5-12F2-4848-8EBB-55888290AF55}.Release|Any CPU.ActiveCfg = Release|Any CPU
		{45441DF5-12F2-4848-8EBB-55888290AF55}.Release|Any CPU.Build.0 = Release|Any CPU
		{4D82263E-1A79-4494-84A8-D28E0E9672BE}.Debug|Any CPU.ActiveCfg = Debug|Any CPU
		{4D82263E-1A79-4494-84A8-D28E0E9672BE}.Debug|Any CPU.Build.0 = Debug|Any CPU
		{4D82263E-1A79-4494-84A8-D28E0E9672BE}.Release|Any CPU.ActiveCfg = Release|Any CPU
		{4D82263E-1A79-4494-84A8-D28E0E9672BE}.Release|Any CPU.Build.0 = Release|Any CPU
	EndGlobalSection
	GlobalSection(SolutionProperties) = preSolution
		HideSolutionNode = FALSE
	EndGlobalSection
	GlobalSection(NestedProjects) = preSolution
		{AA3AFFB1-1374-4AAE-8315-B002E38AB6AD} = {B5548CE7-5B53-44A9-8042-AA6917F07274}
		{4D2832AB-F8C5-4A71-9ECC-53A09E806A36} = {AA3AFFB1-1374-4AAE-8315-B002E38AB6AD}
		{CCD0AF1C-3663-42D4-9CFB-BE9B12F4FBB5} = {B5548CE7-5B53-44A9-8042-AA6917F07274}
		{706C4AEA-768E-4B64-ADBD-8E432FBCFEF8} = {CCD0AF1C-3663-42D4-9CFB-BE9B12F4FBB5}
		{083F06A8-CB82-4528-8335-AE46FADD6F80} = {B5548CE7-5B53-44A9-8042-AA6917F07274}
		{BAC229B3-85BF-4D7E-B351-7FE7F1BE4F65} = {083F06A8-CB82-4528-8335-AE46FADD6F80}
		{3CA8F5AC-D0BF-481B-9617-45F605CC2052} = {083F06A8-CB82-4528-8335-AE46FADD6F80}
		{95D2B0EA-0B25-4E11-9319-0477F55A2ED6} = {B5548CE7-5B53-44A9-8042-AA6917F07274}
		{4351F4FA-6415-4CED-8C3C-C26C6EC1EAA2} = {95D2B0EA-0B25-4E11-9319-0477F55A2ED6}
		{95A575AA-A771-4039-AF1E-E22AA471A00A} = {95D2B0EA-0B25-4E11-9319-0477F55A2ED6}
		{56BC9CC4-7D3A-46E7-9F89-677DE9F17CF7} = {95D2B0EA-0B25-4E11-9319-0477F55A2ED6}
		{45441DF5-12F2-4848-8EBB-55888290AF55} = {95D2B0EA-0B25-4E11-9319-0477F55A2ED6}
		{4D82263E-1A79-4494-84A8-D28E0E9672BE} = {44C6402B-3026-4094-A681-D0EA508B3A2E}
	EndGlobalSection
	GlobalSection(ExtensibilityGlobals) = postSolution
		SolutionGuid = {C5F57649-CE51-45B9-AEFE-B7AA70B41AB4}
	EndGlobalSection
EndGlobal
